
Microsoft Visual Studio Solution File, Format Version 12.00
# Visual Studio Version 17
VisualStudioVersion = 17.10.35027.167
MinimumVisualStudioVersion = 10.0.40219.1
Project("{FAE04EC0-301F-11D3-BF4B-00C04F79EFBC}") = "ConsoleApp3", "ConsoleApp3\ConsoleApp3.csproj", "{9D022CD7-1528-4017-8E29-22AC4C297ABC}"
EndProject
Global
	GlobalSection(SolutionConfigurationPlatforms) = preSolution
		Debug|Any CPU = Debug|Any CPU
		Release|Any CPU = Release|Any CPU
	EndGlobalSection
	GlobalSection(ProjectConfigurationPlatforms) = postSolution
		{9D022CD7-1528-4017-8E29-22AC4C297ABC}.Debug|Any CPU.ActiveCfg = Debug|Any CPU
		{9D022CD7-1528-4017-8E29-22AC4C297ABC}.Debug|Any CPU.Build.0 = Debug|Any CPU
		{9D022CD7-1528-4017-8E29-22AC4C297ABC}.Release|Any CPU.ActiveCfg = Release|Any CPU
		{9D022CD7-1528-4017-8E29-22AC4C297ABC}.Release|Any CPU.Build.0 = Release|Any CPU
	EndGlobalSection
	GlobalSection(SolutionProperties) = preSolution
		HideSolutionNode = FALSE
	EndGlobalSection
	GlobalSection(ExtensibilityGlobals) = postSolution
		SolutionGuid = {89278214-8F61-433B-96BA-BD20EEB200EE}
	EndGlobalSection
EndGlobal
